
Microsoft Visual Studio Solution File, Format Version 12.00
# Visual Studio Version 16
VisualStudioVersion = 16.0.31829.152
MinimumVisualStudioVersion = 10.0.40219.1
Project("{9A19103F-16F7-4668-BE54-9A1E7A4F7556}") = "Zadanie1", "Zadanie1.csproj", "{58AE8B41-B36D-47ED-B4E1-15E5E8363EBE}"
EndProject
Global
	GlobalSection(SolutionConfigurationPlatforms) = preSolution
		Debug|Any CPU = Debug|Any CPU
		Release|Any CPU = Release|Any CPU
	EndGlobalSection
	GlobalSection(ProjectConfigurationPlatforms) = postSolution
		{58AE8B41-B36D-47ED-B4E1-15E5E8363EBE}.Debug|Any CPU.ActiveCfg = Debug|Any CPU
		{58AE8B41-B36D-47ED-B4E1-15E5E8363EBE}.Debug|Any CPU.Build.0 = Debug|Any CPU
		{58AE8B41-B36D-47ED-B4E1-15E5E8363EBE}.Release|Any CPU.ActiveCfg = Release|Any CPU
		{58AE8B41-B36D-47ED-B4E1-15E5E8363EBE}.Release|Any CPU.Build.0 = Release|Any CPU
	EndGlobalSection
	GlobalSection(SolutionProperties) = preSolution
		HideSolutionNode = FALSE
	EndGlobalSection
	GlobalSection(ExtensibilityGlobals) = postSolution
		SolutionGuid = {2F3CE8A4-349C-422E-86CF-D35546D1804B}
	EndGlobalSection
EndGlobal
