
Microsoft Visual Studio Solution File, Format Version 12.00
# Visual Studio Version 16
VisualStudioVersion = 16.0.31829.152
MinimumVisualStudioVersion = 10.0.40219.1
Project("{9A19103F-16F7-4668-BE54-9A1E7A4F7556}") = "Zadanie2", "Zadanie2.csproj", "{49651545-0EB2-45CD-ACFD-AD816136664E}"
EndProject
Global
	GlobalSection(SolutionConfigurationPlatforms) = preSolution
		Debug|Any CPU = Debug|Any CPU
		Release|Any CPU = Release|Any CPU
	EndGlobalSection
	GlobalSection(ProjectConfigurationPlatforms) = postSolution
		{49651545-0EB2-45CD-ACFD-AD816136664E}.Debug|Any CPU.ActiveCfg = Debug|Any CPU
		{49651545-0EB2-45CD-ACFD-AD816136664E}.Debug|Any CPU.Build.0 = Debug|Any CPU
		{49651545-0EB2-45CD-ACFD-AD816136664E}.Release|Any CPU.ActiveCfg = Release|Any CPU
		{49651545-0EB2-45CD-ACFD-AD816136664E}.Release|Any CPU.Build.0 = Release|Any CPU
	EndGlobalSection
	GlobalSection(SolutionProperties) = preSolution
		HideSolutionNode = FALSE
	EndGlobalSection
	GlobalSection(ExtensibilityGlobals) = postSolution
		SolutionGuid = {2C83EA94-ED08-4B84-B856-CB5A8B429B11}
	EndGlobalSection
EndGlobal
